
Microsoft Visual Studio Solution File, Format Version 12.00
# Visual Studio Version 17
VisualStudioVersion = 17.14.36408.4 d17.14
MinimumVisualStudioVersion = 10.0.40219.1
Project("{FAE04EC0-301F-11D3-BF4B-00C04F79EFBC}") = "Learning-Management-System", "Learning-Management-System\Learning-Management-System.csproj", "{CCC81364-629E-4644-81E3-2746634CF3D2}"
EndProject
Global
	GlobalSection(SolutionConfigurationPlatforms) = preSolution
		Debug|Any CPU = Debug|Any CPU
		Release|Any CPU = Release|Any CPU
	EndGlobalSection
	GlobalSection(ProjectConfigurationPlatforms) = postSolution
		{CCC81364-629E-4644-81E3-2746634CF3D2}.Debug|Any CPU.ActiveCfg = Debug|Any CPU
		{CCC81364-629E-4644-81E3-2746634CF3D2}.Debug|Any CPU.Build.0 = Debug|Any CPU
		{CCC81364-629E-4644-81E3-2746634CF3D2}.Release|Any CPU.ActiveCfg = Release|Any CPU
		{CCC81364-629E-4644-81E3-2746634CF3D2}.Release|Any CPU.Build.0 = Release|Any CPU
	EndGlobalSection
	GlobalSection(SolutionProperties) = preSolution
		HideSolutionNode = FALSE
	EndGlobalSection
	GlobalSection(ExtensibilityGlobals) = postSolution
		SolutionGuid = {A8025E70-F4F9-459E-8B3B-395410989977}
	EndGlobalSection
EndGlobal
